
Microsoft Visual Studio Solution File, Format Version 12.00
Project("{FAE04EC0-301F-11D3-BF4B-00C04F79EFBC}") = "Presentation", "Presentation\Presentation.csproj", "{36D03E57-4C79-4CBB-B6E3-074A9084D1E1}"
EndProject
Project("{FAE04EC0-301F-11D3-BF4B-00C04F79EFBC}") = "Domain", "Domain\Domain.csproj", "{6D69327D-2CA1-47E3-9311-AE4BDAEE8218}"
EndProject
Project("{FAE04EC0-301F-11D3-BF4B-00C04F79EFBC}") = "Infrastructure", "Infrastructure\Infrastructure.csproj", "{8F0D11C2-F577-4694-A394-C92CB65DE95A}"
EndProject
Project("{2150E333-8FDC-42A3-9474-1A3956D46DE8}") = "Src", "Src", "{577394DE-C714-4F1C-B941-07D132F75A3F}"
EndProject
Project("{2150E333-8FDC-42A3-9474-1A3956D46DE8}") = "Tests", "Tests", "{0773BFBF-3DB7-4682-B2CE-74D16CA3A72F}"
EndProject
Project("{FAE04EC0-301F-11D3-BF4B-00C04F79EFBC}") = "Domain.Tests", "Domain.Tests\Domain.Tests.csproj", "{70188095-9A06-4D21-B5D7-40AA742E3DF1}"
EndProject
Project("{FAE04EC0-301F-11D3-BF4B-00C04F79EFBC}") = "Infrastructure.Tests", "Infrastructure.Tests\Infrastructure.Tests.csproj", "{28F61F60-0520-4296-8789-7E1A43E13263}"
EndProject
Project("{FAE04EC0-301F-11D3-BF4B-00C04F79EFBC}") = "Presentation.Tests", "Presentation.Tests\Presentation.Tests.csproj", "{742DE189-511F-4C4A-81C7-78B06216FDF6}"
EndProject
Project("{FAE04EC0-301F-11D3-BF4B-00C04F79EFBC}") = "Application", "Application\Application.csproj", "{BD3F3FEA-CEA3-43BE-AA5B-D89294652491}"
EndProject
Project("{FAE04EC0-301F-11D3-BF4B-00C04F79EFBC}") = "Persistence", "Persistence\Persistence.csproj", "{989767A0-77BD-4791-B25B-A3A2DE658DEC}"
EndProject
Project("{FAE04EC0-301F-11D3-BF4B-00C04F79EFBC}") = "Application.Tests", "Application.Tests\Application.Tests.csproj", "{B2D1F826-8205-4CCF-A399-ABB2C7DF32B6}"
EndProject
Project("{FAE04EC0-301F-11D3-BF4B-00C04F79EFBC}") = "Persistence.Tests", "Persistence.Tests\Persistence.Tests.csproj", "{D56B4CF6-EB8F-4C82-B01F-6DC74239A734}"
EndProject
Project("{2150E333-8FDC-42A3-9474-1A3956D46DE8}") = "Config", "Config", "{662A4699-68F5-4F92-959E-E8C2ACCD0439}"
ProjectSection(SolutionItems) = preProject
	README.md = README.md
	.gitignore = .gitignore
EndProjectSection
EndProject
Global
	GlobalSection(SolutionConfigurationPlatforms) = preSolution
		Debug|Any CPU = Debug|Any CPU
		Release|Any CPU = Release|Any CPU
	EndGlobalSection
	GlobalSection(ProjectConfigurationPlatforms) = postSolution
		{36D03E57-4C79-4CBB-B6E3-074A9084D1E1}.Debug|Any CPU.ActiveCfg = Debug|Any CPU
		{36D03E57-4C79-4CBB-B6E3-074A9084D1E1}.Debug|Any CPU.Build.0 = Debug|Any CPU
		{36D03E57-4C79-4CBB-B6E3-074A9084D1E1}.Release|Any CPU.ActiveCfg = Release|Any CPU
		{36D03E57-4C79-4CBB-B6E3-074A9084D1E1}.Release|Any CPU.Build.0 = Release|Any CPU
		{6D69327D-2CA1-47E3-9311-AE4BDAEE8218}.Debug|Any CPU.ActiveCfg = Debug|Any CPU
		{6D69327D-2CA1-47E3-9311-AE4BDAEE8218}.Debug|Any CPU.Build.0 = Debug|Any CPU
		{6D69327D-2CA1-47E3-9311-AE4BDAEE8218}.Release|Any CPU.ActiveCfg = Release|Any CPU
		{6D69327D-2CA1-47E3-9311-AE4BDAEE8218}.Release|Any CPU.Build.0 = Release|Any CPU
		{8F0D11C2-F577-4694-A394-C92CB65DE95A}.Debug|Any CPU.ActiveCfg = Debug|Any CPU
		{8F0D11C2-F577-4694-A394-C92CB65DE95A}.Debug|Any CPU.Build.0 = Debug|Any CPU
		{8F0D11C2-F577-4694-A394-C92CB65DE95A}.Release|Any CPU.ActiveCfg = Release|Any CPU
		{8F0D11C2-F577-4694-A394-C92CB65DE95A}.Release|Any CPU.Build.0 = Release|Any CPU
		{70188095-9A06-4D21-B5D7-40AA742E3DF1}.Debug|Any CPU.ActiveCfg = Debug|Any CPU
		{70188095-9A06-4D21-B5D7-40AA742E3DF1}.Debug|Any CPU.Build.0 = Debug|Any CPU
		{70188095-9A06-4D21-B5D7-40AA742E3DF1}.Release|Any CPU.ActiveCfg = Release|Any CPU
		{70188095-9A06-4D21-B5D7-40AA742E3DF1}.Release|Any CPU.Build.0 = Release|Any CPU
		{28F61F60-0520-4296-8789-7E1A43E13263}.Debug|Any CPU.ActiveCfg = Debug|Any CPU
		{28F61F60-0520-4296-8789-7E1A43E13263}.Debug|Any CPU.Build.0 = Debug|Any CPU
		{28F61F60-0520-4296-8789-7E1A43E13263}.Release|Any CPU.ActiveCfg = Release|Any CPU
		{28F61F60-0520-4296-8789-7E1A43E13263}.Release|Any CPU.Build.0 = Release|Any CPU
		{742DE189-511F-4C4A-81C7-78B06216FDF6}.Debug|Any CPU.ActiveCfg = Debug|Any CPU
		{742DE189-511F-4C4A-81C7-78B06216FDF6}.Debug|Any CPU.Build.0 = Debug|Any CPU
		{742DE189-511F-4C4A-81C7-78B06216FDF6}.Release|Any CPU.ActiveCfg = Release|Any CPU
		{742DE189-511F-4C4A-81C7-78B06216FDF6}.Release|Any CPU.Build.0 = Release|Any CPU
		{BD3F3FEA-CEA3-43BE-AA5B-D89294652491}.Debug|Any CPU.ActiveCfg = Debug|Any CPU
		{BD3F3FEA-CEA3-43BE-AA5B-D89294652491}.Debug|Any CPU.Build.0 = Debug|Any CPU
		{BD3F3FEA-CEA3-43BE-AA5B-D89294652491}.Release|Any CPU.ActiveCfg = Release|Any CPU
		{BD3F3FEA-CEA3-43BE-AA5B-D89294652491}.Release|Any CPU.Build.0 = Release|Any CPU
		{989767A0-77BD-4791-B25B-A3A2DE658DEC}.Debug|Any CPU.ActiveCfg = Debug|Any CPU
		{989767A0-77BD-4791-B25B-A3A2DE658DEC}.Debug|Any CPU.Build.0 = Debug|Any CPU
		{989767A0-77BD-4791-B25B-A3A2DE658DEC}.Release|Any CPU.ActiveCfg = Release|Any CPU
		{989767A0-77BD-4791-B25B-A3A2DE658DEC}.Release|Any CPU.Build.0 = Release|Any CPU
		{B2D1F826-8205-4CCF-A399-ABB2C7DF32B6}.Debug|Any CPU.ActiveCfg = Debug|Any CPU
		{B2D1F826-8205-4CCF-A399-ABB2C7DF32B6}.Debug|Any CPU.Build.0 = Debug|Any CPU
		{B2D1F826-8205-4CCF-A399-ABB2C7DF32B6}.Release|Any CPU.ActiveCfg = Release|Any CPU
		{B2D1F826-8205-4CCF-A399-ABB2C7DF32B6}.Release|Any CPU.Build.0 = Release|Any CPU
		{D56B4CF6-EB8F-4C82-B01F-6DC74239A734}.Debug|Any CPU.ActiveCfg = Debug|Any CPU
		{D56B4CF6-EB8F-4C82-B01F-6DC74239A734}.Debug|Any CPU.Build.0 = Debug|Any CPU
		{D56B4CF6-EB8F-4C82-B01F-6DC74239A734}.Release|Any CPU.ActiveCfg = Release|Any CPU
		{D56B4CF6-EB8F-4C82-B01F-6DC74239A734}.Release|Any CPU.Build.0 = Release|Any CPU
	EndGlobalSection
	GlobalSection(NestedProjects) = preSolution
		{6D69327D-2CA1-47E3-9311-AE4BDAEE8218} = {577394DE-C714-4F1C-B941-07D132F75A3F}
		{8F0D11C2-F577-4694-A394-C92CB65DE95A} = {577394DE-C714-4F1C-B941-07D132F75A3F}
		{36D03E57-4C79-4CBB-B6E3-074A9084D1E1} = {577394DE-C714-4F1C-B941-07D132F75A3F}
		{70188095-9A06-4D21-B5D7-40AA742E3DF1} = {0773BFBF-3DB7-4682-B2CE-74D16CA3A72F}
		{28F61F60-0520-4296-8789-7E1A43E13263} = {0773BFBF-3DB7-4682-B2CE-74D16CA3A72F}
		{742DE189-511F-4C4A-81C7-78B06216FDF6} = {0773BFBF-3DB7-4682-B2CE-74D16CA3A72F}
		{BD3F3FEA-CEA3-43BE-AA5B-D89294652491} = {577394DE-C714-4F1C-B941-07D132F75A3F}
		{989767A0-77BD-4791-B25B-A3A2DE658DEC} = {577394DE-C714-4F1C-B941-07D132F75A3F}
		{B2D1F826-8205-4CCF-A399-ABB2C7DF32B6} = {0773BFBF-3DB7-4682-B2CE-74D16CA3A72F}
		{D56B4CF6-EB8F-4C82-B01F-6DC74239A734} = {0773BFBF-3DB7-4682-B2CE-74D16CA3A72F}
	EndGlobalSection
EndGlobal
